
Microsoft Visual Studio Solution File, Format Version 12.00
# Visual Studio Version 17
VisualStudioVersion = 17.5.002.0
MinimumVisualStudioVersion = 10.0.40219.1
Project("{2150E333-8FDC-42A3-9474-1A3956D46DE8}") = "Projects", "Projects", "{40477FC7-EC89-426C-8D1F-51EF44E86B08}"
EndProject
Project("{9A19103F-16F7-4668-BE54-9A1E7A4F7556}") = "GameNewsWasm", "Projects\GameNewsWasm\GameNewsWasm.csproj", "{2FC75D22-2819-446F-9C58-31D9060E8714}"
EndProject
Project("{9A19103F-16F7-4668-BE54-9A1E7A4F7556}") = "GameNewsWeb", "Projects\GameNewsWeb\GameNewsWeb.csproj", "{583ABD0F-68F7-4F51-8D4A-44F78BE8DE97}"
EndProject
Global
	GlobalSection(SolutionConfigurationPlatforms) = preSolution
		Debug|Any CPU = Debug|Any CPU
		Release|Any CPU = Release|Any CPU
	EndGlobalSection
	GlobalSection(ProjectConfigurationPlatforms) = postSolution
		{2FC75D22-2819-446F-9C58-31D9060E8714}.Debug|Any CPU.ActiveCfg = Debug|Any CPU
		{2FC75D22-2819-446F-9C58-31D9060E8714}.Debug|Any CPU.Build.0 = Debug|Any CPU
		{2FC75D22-2819-446F-9C58-31D9060E8714}.Release|Any CPU.ActiveCfg = Release|Any CPU
		{2FC75D22-2819-446F-9C58-31D9060E8714}.Release|Any CPU.Build.0 = Release|Any CPU
		{583ABD0F-68F7-4F51-8D4A-44F78BE8DE97}.Debug|Any CPU.ActiveCfg = Debug|Any CPU
		{583ABD0F-68F7-4F51-8D4A-44F78BE8DE97}.Debug|Any CPU.Build.0 = Debug|Any CPU
		{583ABD0F-68F7-4F51-8D4A-44F78BE8DE97}.Release|Any CPU.ActiveCfg = Release|Any CPU
		{583ABD0F-68F7-4F51-8D4A-44F78BE8DE97}.Release|Any CPU.Build.0 = Release|Any CPU
	EndGlobalSection
	GlobalSection(SolutionProperties) = preSolution
		HideSolutionNode = FALSE
	EndGlobalSection
	GlobalSection(NestedProjects) = preSolution
		{2FC75D22-2819-446F-9C58-31D9060E8714} = {40477FC7-EC89-426C-8D1F-51EF44E86B08}
		{583ABD0F-68F7-4F51-8D4A-44F78BE8DE97} = {40477FC7-EC89-426C-8D1F-51EF44E86B08}
	EndGlobalSection
	GlobalSection(ExtensibilityGlobals) = postSolution
		SolutionGuid = {4FA4DABE-72C9-4EA1-B345-93B9276280CB}
	EndGlobalSection
EndGlobal
